
Microsoft Visual Studio Solution File, Format Version 12.00
# Visual Studio 2012
Project("{FAE04EC0-301F-11D3-BF4B-00C04F79EFBC}") = "Euro2016", "Euro2016\Euro2016.csproj", "{2B538D0C-5FB0-4F43-BD00-321F6CA854BB}"
EndProject
Project("{FAE04EC0-301F-11D3-BF4B-00C04F79EFBC}") = "Euro2016.Tests", "Euro2016.Tests\Euro2016.Tests.csproj", "{C08EB8B5-BF15-40A0-AE4E-096AA2E53A51}"
EndProject
Project("{FAE04EC0-301F-11D3-BF4B-00C04F79EFBC}") = "AwesomeMvcMods", "..\AwesomeMvcDemo\AwesomeMvcMods\AwesomeMvcMods.csproj", "{15EB31D2-5A2B-4678-A4E8-39D8A4068B7B}"
EndProject
Global
	GlobalSection(SolutionConfigurationPlatforms) = preSolution
		Debug|Any CPU = Debug|Any CPU
		Release|Any CPU = Release|Any CPU
	EndGlobalSection
	GlobalSection(ProjectConfigurationPlatforms) = postSolution
		{2B538D0C-5FB0-4F43-BD00-321F6CA854BB}.Debug|Any CPU.ActiveCfg = Debug|Any CPU
		{2B538D0C-5FB0-4F43-BD00-321F6CA854BB}.Debug|Any CPU.Build.0 = Debug|Any CPU
		{2B538D0C-5FB0-4F43-BD00-321F6CA854BB}.Release|Any CPU.ActiveCfg = Release|Any CPU
		{2B538D0C-5FB0-4F43-BD00-321F6CA854BB}.Release|Any CPU.Build.0 = Release|Any CPU
		{C08EB8B5-BF15-40A0-AE4E-096AA2E53A51}.Debug|Any CPU.ActiveCfg = Debug|Any CPU
		{C08EB8B5-BF15-40A0-AE4E-096AA2E53A51}.Debug|Any CPU.Build.0 = Debug|Any CPU
		{C08EB8B5-BF15-40A0-AE4E-096AA2E53A51}.Release|Any CPU.ActiveCfg = Release|Any CPU
		{C08EB8B5-BF15-40A0-AE4E-096AA2E53A51}.Release|Any CPU.Build.0 = Release|Any CPU
		{15EB31D2-5A2B-4678-A4E8-39D8A4068B7B}.Debug|Any CPU.ActiveCfg = Debug|Any CPU
		{15EB31D2-5A2B-4678-A4E8-39D8A4068B7B}.Debug|Any CPU.Build.0 = Debug|Any CPU
		{15EB31D2-5A2B-4678-A4E8-39D8A4068B7B}.Release|Any CPU.ActiveCfg = Release|Any CPU
		{15EB31D2-5A2B-4678-A4E8-39D8A4068B7B}.Release|Any CPU.Build.0 = Release|Any CPU
	EndGlobalSection
	GlobalSection(SolutionProperties) = preSolution
		HideSolutionNode = FALSE
	EndGlobalSection
EndGlobal
